
Microsoft Visual Studio Solution File, Format Version 12.00
# Visual Studio Version 17
VisualStudioVersion = 17.14.36121.58 d17.14
MinimumVisualStudioVersion = 10.0.40219.1
Project("{FAE04EC0-301F-11D3-BF4B-00C04F79EFBC}") = "Unicom Tic Management System", "Unicom Tic Management System\Unicom Tic Management System.csproj", "{93849E63-DF11-48BB-B46A-CD74CEF1AF07}"
EndProject
Global
	GlobalSection(SolutionConfigurationPlatforms) = preSolution
		Debug|Any CPU = Debug|Any CPU
		Release|Any CPU = Release|Any CPU
	EndGlobalSection
	GlobalSection(ProjectConfigurationPlatforms) = postSolution
		{93849E63-DF11-48BB-B46A-CD74CEF1AF07}.Debug|Any CPU.ActiveCfg = Debug|Any CPU
		{93849E63-DF11-48BB-B46A-CD74CEF1AF07}.Debug|Any CPU.Build.0 = Debug|Any CPU
		{93849E63-DF11-48BB-B46A-CD74CEF1AF07}.Release|Any CPU.ActiveCfg = Release|Any CPU
		{93849E63-DF11-48BB-B46A-CD74CEF1AF07}.Release|Any CPU.Build.0 = Release|Any CPU
	EndGlobalSection
	GlobalSection(SolutionProperties) = preSolution
		HideSolutionNode = FALSE
	EndGlobalSection
	GlobalSection(ExtensibilityGlobals) = postSolution
		SolutionGuid = {B440EC5B-D902-4E2A-BACD-4D84E87E0965}
	EndGlobalSection
EndGlobal
